
Microsoft Visual Studio Solution File, Format Version 12.00
# Visual Studio Version 16
VisualStudioVersion = 16.0.30225.117
MinimumVisualStudioVersion = 10.0.40219.1
Project("{9A19103F-16F7-4668-BE54-9A1E7A4F7556}") = "Britanika_Shufersal", "Britanika_Shufersal.csproj", "{2D885754-4DAD-469F-9A0C-7F46C0BCB62A}"
EndProject
Project("{9A19103F-16F7-4668-BE54-9A1E7A4F7556}") = "Shufersal", "..\Shufewrsal\Shufersal.csproj", "{7F642E29-F05D-48D0-8AE1-9723FEF3E4A0}"
EndProject
Global
	GlobalSection(SolutionConfigurationPlatforms) = preSolution
		Debug|Any CPU = Debug|Any CPU
		Release|Any CPU = Release|Any CPU
	EndGlobalSection
	GlobalSection(ProjectConfigurationPlatforms) = postSolution
		{2D885754-4DAD-469F-9A0C-7F46C0BCB62A}.Debug|Any CPU.ActiveCfg = Debug|Any CPU
		{2D885754-4DAD-469F-9A0C-7F46C0BCB62A}.Debug|Any CPU.Build.0 = Debug|Any CPU
		{2D885754-4DAD-469F-9A0C-7F46C0BCB62A}.Release|Any CPU.ActiveCfg = Release|Any CPU
		{2D885754-4DAD-469F-9A0C-7F46C0BCB62A}.Release|Any CPU.Build.0 = Release|Any CPU
		{7F642E29-F05D-48D0-8AE1-9723FEF3E4A0}.Debug|Any CPU.ActiveCfg = Debug|Any CPU
		{7F642E29-F05D-48D0-8AE1-9723FEF3E4A0}.Debug|Any CPU.Build.0 = Debug|Any CPU
		{7F642E29-F05D-48D0-8AE1-9723FEF3E4A0}.Release|Any CPU.ActiveCfg = Release|Any CPU
		{7F642E29-F05D-48D0-8AE1-9723FEF3E4A0}.Release|Any CPU.Build.0 = Release|Any CPU
	EndGlobalSection
	GlobalSection(SolutionProperties) = preSolution
		HideSolutionNode = FALSE
	EndGlobalSection
	GlobalSection(ExtensibilityGlobals) = postSolution
		SolutionGuid = {8B6C8784-4520-44E2-9C45-25C29B3537E7}
	EndGlobalSection
EndGlobal
